
Microsoft Visual Studio Solution File, Format Version 12.00
# Visual Studio Version 16
VisualStudioVersion = 16.0.31410.357
MinimumVisualStudioVersion = 10.0.40219.1
Project("{FAE04EC0-301F-11D3-BF4B-00C04F79EFBC}") = "PolicyProcessor", "PolicyProcessor\PolicyProcessor.csproj", "{002C8AAC-5B4F-4B43-8881-06BAF6D66F04}"
EndProject
Global
	GlobalSection(SolutionConfigurationPlatforms) = preSolution
		Debug|Any CPU = Debug|Any CPU
		Release|Any CPU = Release|Any CPU
	EndGlobalSection
	GlobalSection(ProjectConfigurationPlatforms) = postSolution
		{002C8AAC-5B4F-4B43-8881-06BAF6D66F04}.Debug|Any CPU.ActiveCfg = Debug|Any CPU
		{002C8AAC-5B4F-4B43-8881-06BAF6D66F04}.Debug|Any CPU.Build.0 = Debug|Any CPU
		{002C8AAC-5B4F-4B43-8881-06BAF6D66F04}.Release|Any CPU.ActiveCfg = Release|Any CPU
		{002C8AAC-5B4F-4B43-8881-06BAF6D66F04}.Release|Any CPU.Build.0 = Release|Any CPU
	EndGlobalSection
	GlobalSection(SolutionProperties) = preSolution
		HideSolutionNode = FALSE
	EndGlobalSection
	GlobalSection(ExtensibilityGlobals) = postSolution
		SolutionGuid = {DEDDB3D6-DF30-4CDD-9544-EBB1A5567474}
	EndGlobalSection
EndGlobal
